// !$*UTF8*$!
{
	archiveVersion = 1;
	classes = {
	};
	objectVersion = 56;
	objects = {

/* Begin PBXBuildFile section */
		C0EF2F7229818DA600620905 /* AppDelegate.swift in Sources */ = {isa = PBXBuildFile; fileRef = C0EF2F7129818DA600620905 /* AppDelegate.swift */; };
		C0EF2F7429818DA600620905 /* SceneDelegate.swift in Sources */ = {isa = PBXBuildFile; fileRef = C0EF2F7329818DA600620905 /* SceneDelegate.swift */; };
		C0EF2F7629818DA600620905 /* ViewController.swift in Sources */ = {isa = PBXBuildFile; fileRef = C0EF2F7529818DA600620905 /* ViewController.swift */; };
		C0EF2F7929818DA600620905 /* Main.storyboard in Resources */ = {isa = PBXBuildFile; fileRef = C0EF2F7729818DA600620905 /* Main.storyboard */; };
		C0EF2F7B29818DA800620905 /* Assets.xcassets in Resources */ = {isa = PBXBuildFile; fileRef = C0EF2F7A29818DA800620905 /* Assets.xcassets */; };
		C0EF2F7E29818DA800620905 /* LaunchScreen.storyboard in Resources */ = {isa = PBXBuildFile; fileRef = C0EF2F7C29818DA800620905 /* LaunchScreen.storyboard */; };
		C0EF2F872981B1CB00620905 /* APIManager.swift in Sources */ = {isa = PBXBuildFile; fileRef = C0EF2F862981B1CB00620905 /* APIManager.swift */; };
		C0EF2F8A2981B23F00620905 /* OpenAISwift in Frameworks */ = {isa = PBXBuildFile; productRef = C0EF2F892981B23F00620905 /* OpenAISwift */; };
		C0EF2F8C2981B2BA00620905 /* ChatViewController.swift in Sources */ = {isa = PBXBuildFile; fileRef = C0EF2F8B2981B2BA00620905 /* ChatViewController.swift */; };
		C0EF2F8E2982E85B00620905 /* ChatTextFieldView.swift in Sources */ = {isa = PBXBuildFile; fileRef = C0EF2F8D2982E85B00620905 /* ChatTextFieldView.swift */; };
		C0EF2F902982F2A500620905 /* TextField.swift in Sources */ = {isa = PBXBuildFile; fileRef = C0EF2F8F2982F2A500620905 /* TextField.swift */; };
		C0EF2F922982F51900620905 /* ChatTableViewCell.swift in Sources */ = {isa = PBXBuildFile; fileRef = C0EF2F912982F51900620905 /* ChatTableViewCell.swift */; };
/* End PBXBuildFile section */

/* Begin PBXFileReference section */
		C0EF2F6E29818DA600620905 /* ChatBot.app */ = {isa = PBXFileReference; explicitFileType = wrapper.application; includeInIndex = 0; path = ChatBot.app; sourceTree = BUILT_PRODUCTS_DIR; };
		C0EF2F7129818DA600620905 /* AppDelegate.swift */ = {isa = PBXFileReference; lastKnownFileType = sourcecode.swift; path = AppDelegate.swift; sourceTree = "<group>"; };
		C0EF2F7329818DA600620905 /* SceneDelegate.swift */ = {isa = PBXFileReference; lastKnownFileType = sourcecode.swift; path = SceneDelegate.swift; sourceTree = "<group>"; };
		C0EF2F7529818DA600620905 /* ViewController.swift */ = {isa = PBXFileReference; lastKnownFileType = sourcecode.swift; path = ViewController.swift; sourceTree = "<group>"; };
		C0EF2F7829818DA600620905 /* Base */ = {isa = PBXFileReference; lastKnownFileType = file.storyboard; name = Base; path = Base.lproj/Main.storyboard; sourceTree = "<group>"; };
		C0EF2F7A29818DA800620905 /* Assets.xcassets */ = {isa = PBXFileReference; lastKnownFileType = folder.assetcatalog; path = Assets.xcassets; sourceTree = "<group>"; };
		C0EF2F7D29818DA800620905 /* Base */ = {isa = PBXFileReference; lastKnownFileType = file.storyboard; name = Base; path = Base.lproj/LaunchScreen.storyboard; sourceTree = "<group>"; };
		C0EF2F7F29818DA800620905 /* Info.plist */ = {isa = PBXFileReference; lastKnownFileType = text.plist.xml; path = Info.plist; sourceTree = "<group>"; };
		C0EF2F862981B1CB00620905 /* APIManager.swift */ = {isa = PBXFileReference; lastKnownFileType = sourcecode.swift; path = APIManager.swift; sourceTree = "<group>"; };
		C0EF2F8B2981B2BA00620905 /* ChatViewController.swift */ = {isa = PBXFileReference; lastKnownFileType = sourcecode.swift; path = ChatViewController.swift; sourceTree = "<group>"; };
		C0EF2F8D2982E85B00620905 /* ChatTextFieldView.swift */ = {isa = PBXFileReference; lastKnownFileType = sourcecode.swift; path = ChatTextFieldView.swift; sourceTree = "<group>"; };
		C0EF2F8F2982F2A500620905 /* TextField.swift */ = {isa = PBXFileReference; lastKnownFileType = sourcecode.swift; path = TextField.swift; sourceTree = "<group>"; };
		C0EF2F912982F51900620905 /* ChatTableViewCell.swift */ = {isa = PBXFileReference; lastKnownFileType = sourcecode.swift; path = ChatTableViewCell.swift; sourceTree = "<group>"; };
/* End PBXFileReference section */

/* Begin PBXFrameworksBuildPhase section */
		C0EF2F6B29818DA600620905 /* Frameworks */ = {
			isa = PBXFrameworksBuildPhase;
			buildActionMask = 2147483647;
			files = (
				C0EF2F8A2981B23F00620905 /* OpenAISwift in Frameworks */,
			);
			runOnlyForDeploymentPostprocessing = 0;
		};
/* End PBXFrameworksBuildPhase section */

/* Begin PBXGroup section */
		C0EF2F6529818DA600620905 = {
			isa = PBXGroup;
			children = (
				C0EF2F7029818DA600620905 /* ChatBot */,
				C0EF2F6F29818DA600620905 /* Products */,
			);
			sourceTree = "<group>";
		};
		C0EF2F6F29818DA600620905 /* Products */ = {
			isa = PBXGroup;
			children = (
				C0EF2F6E29818DA600620905 /* ChatBot.app */,
			);
			name = Products;
			sourceTree = "<group>";
		};
		C0EF2F7029818DA600620905 /* ChatBot */ = {
			isa = PBXGroup;
			children = (
				C0EF2F7129818DA600620905 /* AppDelegate.swift */,
				C0EF2F7329818DA600620905 /* SceneDelegate.swift */,
				C0EF2F7529818DA600620905 /* ViewController.swift */,
				C0EF2F8B2981B2BA00620905 /* ChatViewController.swift */,
				C0EF2F8D2982E85B00620905 /* ChatTextFieldView.swift */,
				C0EF2F912982F51900620905 /* ChatTableViewCell.swift */,
				C0EF2F8F2982F2A500620905 /* TextField.swift */,
				C0EF2F7729818DA600620905 /* Main.storyboard */,
				C0EF2F852981B1AB00620905 /* Models */,
				C0EF2F7A29818DA800620905 /* Assets.xcassets */,
				C0EF2F7C29818DA800620905 /* LaunchScreen.storyboard */,
				C0EF2F7F29818DA800620905 /* Info.plist */,
			);
			path = ChatBot;
			sourceTree = "<group>";
		};
		C0EF2F852981B1AB00620905 /* Models */ = {
			isa = PBXGroup;
			children = (
				C0EF2F862981B1CB00620905 /* APIManager.swift */,
			);
			path = Models;
			sourceTree = "<group>";
		};
/* End PBXGroup section */

/* Begin PBXNativeTarget section */
		C0EF2F6D29818DA600620905 /* ChatBot */ = {
			isa = PBXNativeTarget;
			buildConfigurationList = C0EF2F8229818DA800620905 /* Build configuration list for PBXNativeTarget "ChatBot" */;
			buildPhases = (
				C0EF2F6A29818DA600620905 /* Sources */,
				C0EF2F6B29818DA600620905 /* Frameworks */,
				C0EF2F6C29818DA600620905 /* Resources */,
			);
			buildRules = (
			);
			dependencies = (
			);
			name = ChatBot;
			packageProductDependencies = (
				C0EF2F892981B23F00620905 /* OpenAISwift */,
			);
			productName = ChatBot;
			productReference = C0EF2F6E29818DA600620905 /* ChatBot.app */;
			productType = "com.apple.product-type.application";
		};
/* End PBXNativeTarget section */

/* Begin PBXProject section */
		C0EF2F6629818DA600620905 /* Project object */ = {
			isa = PBXProject;
			attributes = {
				BuildIndependentTargetsInParallel = 1;
				LastSwiftUpdateCheck = 1420;
				LastUpgradeCheck = 1420;
				TargetAttributes = {
					C0EF2F6D29818DA600620905 = {
						CreatedOnToolsVersion = 14.2;
					};
				};
			};
			buildConfigurationList = C0EF2F6929818DA600620905 /* Build configuration list for PBXProject "ChatBot" */;
			compatibilityVersion = "Xcode 14.0";
			developmentRegion = en;
			hasScannedForEncodings = 0;
			knownRegions = (
				en,
				Base,
			);
			mainGroup = C0EF2F6529818DA600620905;
			packageReferences = (
				C0EF2F882981B23F00620905 /* XCRemoteSwiftPackageReference "OpenAISwift" */,
			);
			productRefGroup = C0EF2F6F29818DA600620905 /* Products */;
			projectDirPath = "";
			projectRoot = "";
			targets = (
				C0EF2F6D29818DA600620905 /* ChatBot */,
			);
		};
/* End PBXProject section */

/* Begin PBXResourcesBuildPhase section */
		C0EF2F6C29818DA600620905 /* Resources */ = {
			isa = PBXResourcesBuildPhase;
			buildActionMask = 2147483647;
			files = (
				C0EF2F7E29818DA800620905 /* LaunchScreen.storyboard in Resources */,
				C0EF2F7B29818DA800620905 /* Assets.xcassets in Resources */,
				C0EF2F7929818DA600620905 /* Main.storyboard in Resources */,
			);
			runOnlyForDeploymentPostprocessing = 0;
		};
/* End PBXResourcesBuildPhase section */

/* Begin PBXSourcesBuildPhase section */
		C0EF2F6A29818DA600620905 /* Sources */ = {
			isa = PBXSourcesBuildPhase;
			buildActionMask = 2147483647;
			files = (
				C0EF2F8E2982E85B00620905 /* ChatTextFieldView.swift in Sources */,
				C0EF2F922982F51900620905 /* ChatTableViewCell.swift in Sources */,
				C0EF2F872981B1CB00620905 /* APIManager.swift in Sources */,
				C0EF2F7629818DA600620905 /* ViewController.swift in Sources */,
				C0EF2F902982F2A500620905 /* TextField.swift in Sources */,
				C0EF2F7229818DA600620905 /* AppDelegate.swift in Sources */,
				C0EF2F8C2981B2BA00620905 /* ChatViewController.swift in Sources */,
				C0EF2F7429818DA600620905 /* SceneDelegate.swift in Sources */,
			);
			runOnlyForDeploymentPostprocessing = 0;
		};
/* End PBXSourcesBuildPhase section */

/* Begin PBXVariantGroup section */
		C0EF2F7729818DA600620905 /* Main.storyboard */ = {
			isa = PBXVariantGroup;
			children = (
				C0EF2F7829818DA600620905 /* Base */,
			);
			name = Main.storyboard;
			sourceTree = "<group>";
		};
		C0EF2F7C29818DA800620905 /* LaunchScreen.storyboard */ = {
			isa = PBXVariantGroup;
			children = (
				C0EF2F7D29818DA800620905 /* Base */,
			);
			name = LaunchScreen.storyboard;
			sourceTree = "<group>";
		};
/* End PBXVariantGroup section */

/* Begin XCBuildConfiguration section */
		C0EF2F8029818DA800620905 /* Debug */ = {
			isa = XCBuildConfiguration;
			buildSettings = {
				ALWAYS_SEARCH_USER_PATHS = NO;
				CLANG_ANALYZER_NONNULL = YES;
				CLANG_ANALYZER_NUMBER_OBJECT_CONVERSION = YES_AGGRESSIVE;
				CLANG_CXX_LANGUAGE_STANDARD = "gnu++20";
				CLANG_ENABLE_MODULES = YES;
				CLANG_ENABLE_OBJC_ARC = YES;
				CLANG_ENABLE_OBJC_WEAK = YES;
				CLANG_WARN_BLOCK_CAPTURE_AUTORELEASING = YES;
				CLANG_WARN_BOOL_CONVERSION = YES;
				CLANG_WARN_COMMA = YES;
				CLANG_WARN_CONSTANT_CONVERSION = YES;
				CLANG_WARN_DEPRECATED_OBJC_IMPLEMENTATIONS = YES;
				CLANG_WARN_DIRECT_OBJC_ISA_USAGE = YES_ERROR;
				CLANG_WARN_DOCUMENTATION_COMMENTS = YES;
				CLANG_WARN_EMPTY_BODY = YES;
				CLANG_WARN_ENUM_CONVERSION = YES;
				CLANG_WARN_INFINITE_RECURSION = YES;
				CLANG_WARN_INT_CONVERSION = YES;
				CLANG_WARN_NON_LITERAL_NULL_CONVERSION = YES;
				CLANG_WARN_OBJC_IMPLICIT_RETAIN_SELF = YES;
				CLANG_WARN_OBJC_LITERAL_CONVERSION = YES;
				CLANG_WARN_OBJC_ROOT_CLASS = YES_ERROR;
				CLANG_WARN_QUOTED_INCLUDE_IN_FRAMEWORK_HEADER = YES;
				CLANG_WARN_RANGE_LOOP_ANALYSIS = YES;
				CLANG_WARN_STRICT_PROTOTYPES = YES;
				CLANG_WARN_SUSPICIOUS_MOVE = YES;
				CLANG_WARN_UNGUARDED_AVAILABILITY = YES_AGGRESSIVE;
				CLANG_WARN_UNREACHABLE_CODE = YES;
				CLANG_WARN__DUPLICATE_METHOD_MATCH = YES;
				COPY_PHASE_STRIP = NO;
				DEBUG_INFORMATION_FORMAT = dwarf;
				ENABLE_STRICT_OBJC_MSGSEND = YES;
				ENABLE_TESTABILITY = YES;
				GCC_C_LANGUAGE_STANDARD = gnu11;
				GCC_DYNAMIC_NO_PIC = NO;
				GCC_NO_COMMON_BLOCKS = YES;
				GCC_OPTIMIZATION_LEVEL = 0;
				GCC_PREPROCESSOR_DEFINITIONS = (
					"DEBUG=1",
					"$(inherited)",
				);
				GCC_WARN_64_TO_32_BIT_CONVERSION = YES;
				GCC_WARN_ABOUT_RETURN_TYPE = YES_ERROR;
				GCC_WARN_UNDECLARED_SELECTOR = YES;
				GCC_WARN_UNINITIALIZED_AUTOS = YES_AGGRESSIVE;
				GCC_WARN_UNUSED_FUNCTION = YES;
				GCC_WARN_UNUSED_VARIABLE = YES;
				IPHONEOS_DEPLOYMENT_TARGET = 16.2;
				MTL_ENABLE_DEBUG_INFO = INCLUDE_SOURCE;
				MTL_FAST_MATH = YES;
				ONLY_ACTIVE_ARCH = YES;
				SDKROOT = iphoneos;
				SWIFT_ACTIVE_COMPILATION_CONDITIONS = DEBUG;
				SWIFT_OPTIMIZATION_LEVEL = "-Onone";
			};
			name = Debug;
		};
		C0EF2F8129818DA800620905 /* Release */ = {
			isa = XCBuildConfiguration;
			buildSettings = {
				ALWAYS_SEARCH_USER_PATHS = NO;
				CLANG_ANALYZER_NONNULL = YES;
				CLANG_ANALYZER_NUMBER_OBJECT_CONVERSION = YES_AGGRESSIVE;
				CLANG_CXX_LANGUAGE_STANDARD = "gnu++20";
				CLANG_ENABLE_MODULES = YES;
				CLANG_ENABLE_OBJC_ARC = YES;
				CLANG_ENABLE_OBJC_WEAK = YES;
				CLANG_WARN_BLOCK_CAPTURE_AUTORELEASING = YES;
				CLANG_WARN_BOOL_CONVERSION = YES;
				CLANG_WARN_COMMA = YES;
				CLANG_WARN_CONSTANT_CONVERSION = YES;
				CLANG_WARN_DEPRECATED_OBJC_IMPLEMENTATIONS = YES;
				CLANG_WARN_DIRECT_OBJC_ISA_USAGE = YES_ERROR;
				CLANG_WARN_DOCUMENTATION_COMMENTS = YES;
				CLANG_WARN_EMPTY_BODY = YES;
				CLANG_WARN_ENUM_CONVERSION = YES;
				CLANG_WARN_INFINITE_RECURSION = YES;
				CLANG_WARN_INT_CONVERSION = YES;
				CLANG_WARN_NON_LITERAL_NULL_CONVERSION = YES;
				CLANG_WARN_OBJC_IMPLICIT_RETAIN_SELF = YES;
				CLANG_WARN_OBJC_LITERAL_CONVERSION = YES;
				CLANG_WARN_OBJC_ROOT_CLASS = YES_ERROR;
				CLANG_WARN_QUOTED_INCLUDE_IN_FRAMEWORK_HEADER = YES;
				CLANG_WARN_RANGE_LOOP_ANALYSIS = YES;
				CLANG_WARN_STRICT_PROTOTYPES = YES;
				CLANG_WARN_SUSPICIOUS_MOVE = YES;
				CLANG_WARN_UNGUARDED_AVAILABILITY = YES_AGGRESSIVE;
				CLANG_WARN_UNREACHABLE_CODE = YES;
				CLANG_WARN__DUPLICATE_METHOD_MATCH = YES;
				COPY_PHASE_STRIP = NO;
				DEBUG_INFORMATION_FORMAT = "dwarf-with-dsym";
				ENABLE_NS_ASSERTIONS = NO;
				ENABLE_STRICT_OBJC_MSGSEND = YES;
				GCC_C_LANGUAGE_STANDARD = gnu11;
				GCC_NO_COMMON_BLOCKS = YES;
				GCC_WARN_64_TO_32_BIT_CONVERSION = YES;
				GCC_WARN_ABOUT_RETURN_TYPE = YES_ERROR;
				GCC_WARN_UNDECLARED_SELECTOR = YES;
				GCC_WARN_UNINITIALIZED_AUTOS = YES_AGGRESSIVE;
				GCC_WARN_UNUSED_FUNCTION = YES;
				GCC_WARN_UNUSED_VARIABLE = YES;
				IPHONEOS_DEPLOYMENT_TARGET = 16.2;
				MTL_ENABLE_DEBUG_INFO = NO;
				MTL_FAST_MATH = YES;
				SDKROOT = iphoneos;
				SWIFT_COMPILATION_MODE = wholemodule;
				SWIFT_OPTIMIZATION_LEVEL = "-O";
				VALIDATE_PRODUCT = YES;
			};
			name = Release;
		};
		C0EF2F8329818DA800620905 /* Debug */ = {
			isa = XCBuildConfiguration;
			buildSettings = {
				ASSETCATALOG_COMPILER_APPICON_NAME = AppIcon;
				ASSETCATALOG_COMPILER_GLOBAL_ACCENT_COLOR_NAME = AccentColor;
				CODE_SIGN_STYLE = Automatic;
				CURRENT_PROJECT_VERSION = 1;
				DEVELOPMENT_TEAM = HW8V4T979F;
				GENERATE_INFOPLIST_FILE = YES;
				INFOPLIST_FILE = ChatBot/Info.plist;
				INFOPLIST_KEY_UIApplicationSupportsIndirectInputEvents = YES;
				INFOPLIST_KEY_UILaunchStoryboardName = LaunchScreen;
				INFOPLIST_KEY_UIMainStoryboardFile = Main;
				INFOPLIST_KEY_UISupportedInterfaceOrientations_iPad = "UIInterfaceOrientationPortrait UIInterfaceOrientationPortraitUpsideDown UIInterfaceOrientationLandscapeLeft UIInterfaceOrientationLandscapeRight";
				INFOPLIST_KEY_UISupportedInterfaceOrientations_iPhone = "UIInterfaceOrientationPortrait UIInterfaceOrientationLandscapeLeft UIInterfaceOrientationLandscapeRight";
				LD_RUNPATH_SEARCH_PATHS = (
					"$(inherited)",
					"@executable_path/Frameworks",
				);
				MARKETING_VERSION = 1.0;
				PRODUCT_BUNDLE_IDENTIFIER = com.myProject.ChatBot;
				PRODUCT_NAME = "$(TARGET_NAME)";
				SWIFT_EMIT_LOC_STRINGS = YES;
				SWIFT_VERSION = 5.0;
				TARGETED_DEVICE_FAMILY = "1,2";
			};
			name = Debug;
		};
		C0EF2F8429818DA800620905 /* Release */ = {
			isa = XCBuildConfiguration;
			buildSettings = {
				ASSETCATALOG_COMPILER_APPICON_NAME = AppIcon;
				ASSETCATALOG_COMPILER_GLOBAL_ACCENT_COLOR_NAME = AccentColor;
				CODE_SIGN_STYLE = Automatic;
				CURRENT_PROJECT_VERSION = 1;
				DEVELOPMENT_TEAM = HW8V4T979F;
				GENERATE_INFOPLIST_FILE = YES;
				INFOPLIST_FILE = ChatBot/Info.plist;
				INFOPLIST_KEY_UIApplicationSupportsIndirectInputEvents = YES;
				INFOPLIST_KEY_UILaunchStoryboardName = LaunchScreen;
				INFOPLIST_KEY_UIMainStoryboardFile = Main;
				INFOPLIST_KEY_UISupportedInterfaceOrientations_iPad = "UIInterfaceOrientationPortrait UIInterfaceOrientationPortraitUpsideDown UIInterfaceOrientationLandscapeLeft UIInterfaceOrientationLandscapeRight";
				INFOPLIST_KEY_UISupportedInterfaceOrientations_iPhone = "UIInterfaceOrientationPortrait UIInterfaceOrientationLandscapeLeft UIInterfaceOrientationLandscapeRight";
				LD_RUNPATH_SEARCH_PATHS = (
					"$(inherited)",
					"@executable_path/Frameworks",
				);
				MARKETING_VERSION = 1.0;
				PRODUCT_BUNDLE_IDENTIFIER = com.myProject.ChatBot;
				PRODUCT_NAME = "$(TARGET_NAME)";
				SWIFT_EMIT_LOC_STRINGS = YES;
				SWIFT_VERSION = 5.0;
				TARGETED_DEVICE_FAMILY = "1,2";
			};
			name = Release;
		};
/* End XCBuildConfiguration section */

/* Begin XCConfigurationList section */
		C0EF2F6929818DA600620905 /* Build configuration list for PBXProject "ChatBot" */ = {
			isa = XCConfigurationList;
			buildConfigurations = (
				C0EF2F8029818DA800620905 /* Debug */,
				C0EF2F8129818DA800620905 /* Release */,
			);
			defaultConfigurationIsVisible = 0;
			defaultConfigurationName = Release;
		};
		C0EF2F8229818DA800620905 /* Build configuration list for PBXNativeTarget "ChatBot" */ = {
			isa = XCConfigurationList;
			buildConfigurations = (
				C0EF2F8329818DA800620905 /* Debug */,
				C0EF2F8429818DA800620905 /* Release */,
			);
			defaultConfigurationIsVisible = 0;
			defaultConfigurationName = Release;
		};
/* End XCConfigurationList section */

/* Begin XCRemoteSwiftPackageReference section */
		C0EF2F882981B23F00620905 /* XCRemoteSwiftPackageReference "OpenAISwift" */ = {
			isa = XCRemoteSwiftPackageReference;
			repositoryURL = "https://github.com/adamrushy/OpenAISwift.git";
			requirement = {
				kind = upToNextMajorVersion;
				minimumVersion = 1.0.0;
			};
		};
/* End XCRemoteSwiftPackageReference section */

/* Begin XCSwiftPackageProductDependency section */
		C0EF2F892981B23F00620905 /* OpenAISwift */ = {
			isa = XCSwiftPackageProductDependency;
			package = C0EF2F882981B23F00620905 /* XCRemoteSwiftPackageReference "OpenAISwift" */;
			productName = OpenAISwift;
		};
/* End XCSwiftPackageProductDependency section */
	};
	rootObject = C0EF2F6629818DA600620905 /* Project object */;
}
